
Microsoft Visual Studio Solution File, Format Version 12.00
# Visual Studio Version 17
VisualStudioVersion = 17.4.33110.190
MinimumVisualStudioVersion = 10.0.40219.1
Project("{FAE04EC0-301F-11D3-BF4B-00C04F79EFBC}") = "RegistroV2", "RegistroV2.csproj", "{8228F97C-B011-4C07-A897-F0C6DC8993DB}"
EndProject
Global
	GlobalSection(SolutionConfigurationPlatforms) = preSolution
		Debug|Any CPU = Debug|Any CPU
		Release|Any CPU = Release|Any CPU
	EndGlobalSection
	GlobalSection(ProjectConfigurationPlatforms) = postSolution
		{8228F97C-B011-4C07-A897-F0C6DC8993DB}.Debug|Any CPU.ActiveCfg = Debug|Any CPU
		{8228F97C-B011-4C07-A897-F0C6DC8993DB}.Debug|Any CPU.Build.0 = Debug|Any CPU
		{8228F97C-B011-4C07-A897-F0C6DC8993DB}.Release|Any CPU.ActiveCfg = Release|Any CPU
		{8228F97C-B011-4C07-A897-F0C6DC8993DB}.Release|Any CPU.Build.0 = Release|Any CPU
	EndGlobalSection
	GlobalSection(SolutionProperties) = preSolution
		HideSolutionNode = FALSE
	EndGlobalSection
	GlobalSection(ExtensibilityGlobals) = postSolution
		SolutionGuid = {DE0A849C-AFC7-40B4-B769-836515C92411}
	EndGlobalSection
EndGlobal
